// !$*UTF8*$!
{
	archiveVersion = 1;
	classes = {
	};
	objectVersion = 55;
	objects = {

/* Begin PBXBuildFile section */
		4D146AEE270CB4910009341B /* AppDelegate.swift in Sources */ = {isa = PBXBuildFile; fileRef = 4D146AED270CB4910009341B /* AppDelegate.swift */; };
		4D146AF0270CB4910009341B /* SceneDelegate.swift in Sources */ = {isa = PBXBuildFile; fileRef = 4D146AEF270CB4910009341B /* SceneDelegate.swift */; };
		4D146AF5270CB4910009341B /* Main.storyboard in Resources */ = {isa = PBXBuildFile; fileRef = 4D146AF3270CB4910009341B /* Main.storyboard */; };
		4D146AF7270CB4930009341B /* Assets.xcassets in Resources */ = {isa = PBXBuildFile; fileRef = 4D146AF6270CB4930009341B /* Assets.xcassets */; };
		4D146AFA270CB4930009341B /* LaunchScreen.storyboard in Resources */ = {isa = PBXBuildFile; fileRef = 4D146AF8270CB4930009341B /* LaunchScreen.storyboard */; };
		4D206C44272FF2F6005AC655 /* CustomNavigationBar.swift in Sources */ = {isa = PBXBuildFile; fileRef = 4D206C43272FF2F6005AC655 /* CustomNavigationBar.swift */; };
		4D206C46272FF30E005AC655 /* CustomNavigationBar.xib in Resources */ = {isa = PBXBuildFile; fileRef = 4D206C45272FF30E005AC655 /* CustomNavigationBar.xib */; };
		4D4F2386271B1DDD00891F28 /* SF-Pro-Display-Regular.otf in Resources */ = {isa = PBXBuildFile; fileRef = 4D4F2385271B1DDD00891F28 /* SF-Pro-Display-Regular.otf */; };
		4D4F2388271B20EC00891F28 /* SF-Pro-Display-Bold.otf in Resources */ = {isa = PBXBuildFile; fileRef = 4D4F2387271B20EC00891F28 /* SF-Pro-Display-Bold.otf */; };
		4D4F238A271B354600891F28 /* SF-Pro-Display-Medium.otf in Resources */ = {isa = PBXBuildFile; fileRef = 4D4F2389271B354500891F28 /* SF-Pro-Display-Medium.otf */; };
		4D4F238C271B356900891F28 /* SF-Pro-Display-Semibold.otf in Resources */ = {isa = PBXBuildFile; fileRef = 4D4F238B271B356900891F28 /* SF-Pro-Display-Semibold.otf */; };
		4D619B60270CC0B4009916EC /* SignUpVC.swift in Sources */ = {isa = PBXBuildFile; fileRef = 4D619B5F270CC0B4009916EC /* SignUpVC.swift */; };
		4D619B62270CC0E1009916EC /* WelcomeVC.swift in Sources */ = {isa = PBXBuildFile; fileRef = 4D619B61270CC0E1009916EC /* WelcomeVC.swift */; };
		4D8D0374270CBC4A00824081 /* SignInVC.swift in Sources */ = {isa = PBXBuildFile; fileRef = 4D8D0373270CBC4A00824081 /* SignInVC.swift */; };
		4D8DC91B271B527E005E664B /* TabBar.storyboard in Resources */ = {isa = PBXBuildFile; fileRef = 4D8DC91A271B527E005E664B /* TabBar.storyboard */; };
		4D8DC91D271B56E8005E664B /* TabBarController.swift in Sources */ = {isa = PBXBuildFile; fileRef = 4D8DC91C271B56E8005E664B /* TabBarController.swift */; };
		4D8DC91F271B5843005E664B /* HomeVC.swift in Sources */ = {isa = PBXBuildFile; fileRef = 4D8DC91E271B5843005E664B /* HomeVC.swift */; };
		4D8DC921271B5865005E664B /* ShortsVC.swift in Sources */ = {isa = PBXBuildFile; fileRef = 4D8DC920271B5865005E664B /* ShortsVC.swift */; };
		4D8DC923271B587D005E664B /* PlusVC.swift in Sources */ = {isa = PBXBuildFile; fileRef = 4D8DC922271B587D005E664B /* PlusVC.swift */; };
		4D8DC925271B58A9005E664B /* SubscriptionVC.swift in Sources */ = {isa = PBXBuildFile; fileRef = 4D8DC924271B58A9005E664B /* SubscriptionVC.swift */; };
		4D8DC927271B58CD005E664B /* LibraryVC.swift in Sources */ = {isa = PBXBuildFile; fileRef = 4D8DC926271B58CD005E664B /* LibraryVC.swift */; };
		4DDA6A032725D5F5005151AC /* VideoTableViewCell.swift in Sources */ = {isa = PBXBuildFile; fileRef = 4DDA6A012725D5F5005151AC /* VideoTableViewCell.swift */; };
		4DDA6A042725D5F5005151AC /* VideoTableViewCell.xib in Resources */ = {isa = PBXBuildFile; fileRef = 4DDA6A022725D5F5005151AC /* VideoTableViewCell.xib */; };
		4DDBDD462725DE9200248B4A /* VideoDataModel.swift in Sources */ = {isa = PBXBuildFile; fileRef = 4DDBDD452725DE9200248B4A /* VideoDataModel.swift */; };
		4DDBDD492726434000248B4A /* ChannelCollectionViewCell.swift in Sources */ = {isa = PBXBuildFile; fileRef = 4DDBDD472726434000248B4A /* ChannelCollectionViewCell.swift */; };
		4DDBDD4A2726434000248B4A /* ChannelCollectionViewCell.xib in Resources */ = {isa = PBXBuildFile; fileRef = 4DDBDD482726434000248B4A /* ChannelCollectionViewCell.xib */; };
		4DDBDD4C2726454900248B4A /* ChnnelDataModel.swift in Sources */ = {isa = PBXBuildFile; fileRef = 4DDBDD4B2726454900248B4A /* ChnnelDataModel.swift */; };
		4DDBDD4F27265AAF00248B4A /* CategoryCollectionViewCell.swift in Sources */ = {isa = PBXBuildFile; fileRef = 4DDBDD4D27265AAF00248B4A /* CategoryCollectionViewCell.swift */; };
		4DDBDD5027265AAF00248B4A /* CategoryCollectionViewCell.xib in Resources */ = {isa = PBXBuildFile; fileRef = 4DDBDD4E27265AAF00248B4A /* CategoryCollectionViewCell.xib */; };
/* End PBXBuildFile section */

/* Begin PBXFileReference section */
		4D146AEA270CB4910009341B /* 29th-Assignment-Youtube.app */ = {isa = PBXFileReference; explicitFileType = wrapper.application; includeInIndex = 0; path = "29th-Assignment-Youtube.app"; sourceTree = BUILT_PRODUCTS_DIR; };
		4D146AED270CB4910009341B /* AppDelegate.swift */ = {isa = PBXFileReference; lastKnownFileType = sourcecode.swift; path = AppDelegate.swift; sourceTree = "<group>"; };
		4D146AEF270CB4910009341B /* SceneDelegate.swift */ = {isa = PBXFileReference; lastKnownFileType = sourcecode.swift; path = SceneDelegate.swift; sourceTree = "<group>"; };
		4D146AF4270CB4910009341B /* Base */ = {isa = PBXFileReference; lastKnownFileType = file.storyboard; name = Base; path = Base.lproj/Main.storyboard; sourceTree = "<group>"; };
		4D146AF6270CB4930009341B /* Assets.xcassets */ = {isa = PBXFileReference; lastKnownFileType = folder.assetcatalog; path = Assets.xcassets; sourceTree = "<group>"; };
		4D146AF9270CB4930009341B /* Base */ = {isa = PBXFileReference; lastKnownFileType = file.storyboard; name = Base; path = Base.lproj/LaunchScreen.storyboard; sourceTree = "<group>"; };
		4D146AFB270CB4930009341B /* Info.plist */ = {isa = PBXFileReference; lastKnownFileType = text.plist.xml; path = Info.plist; sourceTree = "<group>"; };
		4D206C43272FF2F6005AC655 /* CustomNavigationBar.swift */ = {isa = PBXFileReference; lastKnownFileType = sourcecode.swift; path = CustomNavigationBar.swift; sourceTree = "<group>"; };
		4D206C45272FF30E005AC655 /* CustomNavigationBar.xib */ = {isa = PBXFileReference; lastKnownFileType = file.xib; path = CustomNavigationBar.xib; sourceTree = "<group>"; };
		4D4F2385271B1DDD00891F28 /* SF-Pro-Display-Regular.otf */ = {isa = PBXFileReference; lastKnownFileType = file; path = "SF-Pro-Display-Regular.otf"; sourceTree = "<group>"; };
		4D4F2387271B20EC00891F28 /* SF-Pro-Display-Bold.otf */ = {isa = PBXFileReference; lastKnownFileType = file; path = "SF-Pro-Display-Bold.otf"; sourceTree = "<group>"; };
		4D4F2389271B354500891F28 /* SF-Pro-Display-Medium.otf */ = {isa = PBXFileReference; lastKnownFileType = file; path = "SF-Pro-Display-Medium.otf"; sourceTree = "<group>"; };
		4D4F238B271B356900891F28 /* SF-Pro-Display-Semibold.otf */ = {isa = PBXFileReference; lastKnownFileType = file; path = "SF-Pro-Display-Semibold.otf"; sourceTree = "<group>"; };
		4D619B5F270CC0B4009916EC /* SignUpVC.swift */ = {isa = PBXFileReference; lastKnownFileType = sourcecode.swift; path = SignUpVC.swift; sourceTree = "<group>"; };
		4D619B61270CC0E1009916EC /* WelcomeVC.swift */ = {isa = PBXFileReference; lastKnownFileType = sourcecode.swift; path = WelcomeVC.swift; sourceTree = "<group>"; };
		4D8D0373270CBC4A00824081 /* SignInVC.swift */ = {isa = PBXFileReference; lastKnownFileType = sourcecode.swift; path = SignInVC.swift; sourceTree = "<group>"; };
		4D8DC91A271B527E005E664B /* TabBar.storyboard */ = {isa = PBXFileReference; lastKnownFileType = file.storyboard; path = TabBar.storyboard; sourceTree = "<group>"; };
		4D8DC91C271B56E8005E664B /* TabBarController.swift */ = {isa = PBXFileReference; lastKnownFileType = sourcecode.swift; path = TabBarController.swift; sourceTree = "<group>"; };
		4D8DC91E271B5843005E664B /* HomeVC.swift */ = {isa = PBXFileReference; lastKnownFileType = sourcecode.swift; path = HomeVC.swift; sourceTree = "<group>"; };
		4D8DC920271B5865005E664B /* ShortsVC.swift */ = {isa = PBXFileReference; lastKnownFileType = sourcecode.swift; path = ShortsVC.swift; sourceTree = "<group>"; };
		4D8DC922271B587D005E664B /* PlusVC.swift */ = {isa = PBXFileReference; lastKnownFileType = sourcecode.swift; path = PlusVC.swift; sourceTree = "<group>"; };
		4D8DC924271B58A9005E664B /* SubscriptionVC.swift */ = {isa = PBXFileReference; lastKnownFileType = sourcecode.swift; path = SubscriptionVC.swift; sourceTree = "<group>"; };
		4D8DC926271B58CD005E664B /* LibraryVC.swift */ = {isa = PBXFileReference; lastKnownFileType = sourcecode.swift; path = LibraryVC.swift; sourceTree = "<group>"; };
		4DDA6A012725D5F5005151AC /* VideoTableViewCell.swift */ = {isa = PBXFileReference; lastKnownFileType = sourcecode.swift; path = VideoTableViewCell.swift; sourceTree = "<group>"; };
		4DDA6A022725D5F5005151AC /* VideoTableViewCell.xib */ = {isa = PBXFileReference; lastKnownFileType = file.xib; path = VideoTableViewCell.xib; sourceTree = "<group>"; };
		4DDBDD452725DE9200248B4A /* VideoDataModel.swift */ = {isa = PBXFileReference; lastKnownFileType = sourcecode.swift; path = VideoDataModel.swift; sourceTree = "<group>"; };
		4DDBDD472726434000248B4A /* ChannelCollectionViewCell.swift */ = {isa = PBXFileReference; lastKnownFileType = sourcecode.swift; path = ChannelCollectionViewCell.swift; sourceTree = "<group>"; };
		4DDBDD482726434000248B4A /* ChannelCollectionViewCell.xib */ = {isa = PBXFileReference; lastKnownFileType = file.xib; path = ChannelCollectionViewCell.xib; sourceTree = "<group>"; };
		4DDBDD4B2726454900248B4A /* ChnnelDataModel.swift */ = {isa = PBXFileReference; lastKnownFileType = sourcecode.swift; path = ChnnelDataModel.swift; sourceTree = "<group>"; };
		4DDBDD4D27265AAF00248B4A /* CategoryCollectionViewCell.swift */ = {isa = PBXFileReference; lastKnownFileType = sourcecode.swift; path = CategoryCollectionViewCell.swift; sourceTree = "<group>"; };
		4DDBDD4E27265AAF00248B4A /* CategoryCollectionViewCell.xib */ = {isa = PBXFileReference; lastKnownFileType = file.xib; path = CategoryCollectionViewCell.xib; sourceTree = "<group>"; };
/* End PBXFileReference section */

/* Begin PBXFrameworksBuildPhase section */
		4D146AE7270CB4910009341B /* Frameworks */ = {
			isa = PBXFrameworksBuildPhase;
			buildActionMask = 2147483647;
			files = (
			);
			runOnlyForDeploymentPostprocessing = 0;
		};
/* End PBXFrameworksBuildPhase section */

/* Begin PBXGroup section */
		4D146AE1270CB4910009341B = {
			isa = PBXGroup;
			children = (
				4D146AEC270CB4910009341B /* 29th-Assignment-Youtube */,
				4D146AEB270CB4910009341B /* Products */,
			);
			sourceTree = "<group>";
		};
		4D146AEB270CB4910009341B /* Products */ = {
			isa = PBXGroup;
			children = (
				4D146AEA270CB4910009341B /* 29th-Assignment-Youtube.app */,
			);
			name = Products;
			sourceTree = "<group>";
		};
		4D146AEC270CB4910009341B /* 29th-Assignment-Youtube */ = {
			isa = PBXGroup;
			children = (
				4D8DC929271B67E6005E664B /* Resources */,
				4D8DC92A271B6825005E664B /* Sources */,
				4D146AFB270CB4930009341B /* Info.plist */,
				4D8DC92D271B697C005E664B /* Fonts */,
			);
			path = "29th-Assignment-Youtube";
			sourceTree = "<group>";
		};
		4D206C40272EA473005AC655 /* VCs */ = {
			isa = PBXGroup;
			children = (
				4D8DC91E271B5843005E664B /* HomeVC.swift */,
				4D8DC920271B5865005E664B /* ShortsVC.swift */,
				4D8DC922271B587D005E664B /* PlusVC.swift */,
				4D8DC924271B58A9005E664B /* SubscriptionVC.swift */,
				4D8DC926271B58CD005E664B /* LibraryVC.swift */,
			);
			path = VCs;
			sourceTree = "<group>";
		};
		4D206C42272FF2CD005AC655 /* View */ = {
			isa = PBXGroup;
			children = (
				4D206C43272FF2F6005AC655 /* CustomNavigationBar.swift */,
				4D206C45272FF30E005AC655 /* CustomNavigationBar.xib */,
			);
			path = View;
			sourceTree = "<group>";
		};
		4D8DC929271B67E6005E664B /* Resources */ = {
			isa = PBXGroup;
			children = (
				4D8DC92C271B687F005E664B /* Storyboards */,
				4D146AEF270CB4910009341B /* SceneDelegate.swift */,
				4D146AED270CB4910009341B /* AppDelegate.swift */,
				4D146AF6270CB4930009341B /* Assets.xcassets */,
			);
			path = Resources;
			sourceTree = "<group>";
		};
		4D8DC92A271B6825005E664B /* Sources */ = {
			isa = PBXGroup;
			children = (
				4DDBDD442725DE7000248B4A /* Models */,
				4DDA69FE2725D514005151AC /* Login */,
				4DDA69FF2725D52E005151AC /* Youtube */,
			);
			path = Sources;
			sourceTree = "<group>";
		};
		4D8DC92C271B687F005E664B /* Storyboards */ = {
			isa = PBXGroup;
			children = (
				4D146AF3270CB4910009341B /* Main.storyboard */,
				4D8DC91A271B527E005E664B /* TabBar.storyboard */,
				4D146AF8270CB4930009341B /* LaunchScreen.storyboard */,
			);
			path = Storyboards;
			sourceTree = "<group>";
		};
		4D8DC92D271B697C005E664B /* Fonts */ = {
			isa = PBXGroup;
			children = (
				4D4F238B271B356900891F28 /* SF-Pro-Display-Semibold.otf */,
				4D4F2389271B354500891F28 /* SF-Pro-Display-Medium.otf */,
				4D4F2387271B20EC00891F28 /* SF-Pro-Display-Bold.otf */,
				4D4F2385271B1DDD00891F28 /* SF-Pro-Display-Regular.otf */,
			);
			path = Fonts;
			sourceTree = "<group>";
		};
		4DDA69FE2725D514005151AC /* Login */ = {
			isa = PBXGroup;
			children = (
				4D8D0373270CBC4A00824081 /* SignInVC.swift */,
				4D619B5F270CC0B4009916EC /* SignUpVC.swift */,
				4D619B61270CC0E1009916EC /* WelcomeVC.swift */,
			);
			path = Login;
			sourceTree = "<group>";
		};
		4DDA69FF2725D52E005151AC /* Youtube */ = {
			isa = PBXGroup;
			children = (
				4D8DC91C271B56E8005E664B /* TabBarController.swift */,
				4D206C42272FF2CD005AC655 /* View */,
				4D206C40272EA473005AC655 /* VCs */,
				4DDA6A002725D5B0005151AC /* Cells */,
			);
			name = Youtube;
			path = VCs/Youtube;
			sourceTree = "<group>";
		};
		4DDA6A002725D5B0005151AC /* Cells */ = {
			isa = PBXGroup;
			children = (
				4DDA6A062725D629005151AC /* CollectionViewCell */,
				4DDA6A052725D600005151AC /* TableViewCell */,
			);
			path = Cells;
			sourceTree = "<group>";
		};
		4DDA6A052725D600005151AC /* TableViewCell */ = {
			isa = PBXGroup;
			children = (
				4DDA6A012725D5F5005151AC /* VideoTableViewCell.swift */,
				4DDA6A022725D5F5005151AC /* VideoTableViewCell.xib */,
			);
			path = TableViewCell;
			sourceTree = "<group>";
		};
		4DDA6A062725D629005151AC /* CollectionViewCell */ = {
			isa = PBXGroup;
			children = (
				4DDBDD472726434000248B4A /* ChannelCollectionViewCell.swift */,
				4DDBDD482726434000248B4A /* ChannelCollectionViewCell.xib */,
				4DDBDD4D27265AAF00248B4A /* CategoryCollectionViewCell.swift */,
				4DDBDD4E27265AAF00248B4A /* CategoryCollectionViewCell.xib */,
			);
			path = CollectionViewCell;
			sourceTree = "<group>";
		};
		4DDBDD442725DE7000248B4A /* Models */ = {
			isa = PBXGroup;
			children = (
				4DDBDD452725DE9200248B4A /* VideoDataModel.swift */,
				4DDBDD4B2726454900248B4A /* ChnnelDataModel.swift */,
			);
			path = Models;
			sourceTree = "<group>";
		};
/* End PBXGroup section */

/* Begin PBXNativeTarget section */
		4D146AE9270CB4910009341B /* 29th-Assignment-Youtube */ = {
			isa = PBXNativeTarget;
			buildConfigurationList = 4D146AFE270CB4930009341B /* Build configuration list for PBXNativeTarget "29th-Assignment-Youtube" */;
			buildPhases = (
				4D146AE6270CB4910009341B /* Sources */,
				4D146AE7270CB4910009341B /* Frameworks */,
				4D146AE8270CB4910009341B /* Resources */,
			);
			buildRules = (
			);
			dependencies = (
			);
			name = "29th-Assignment-Youtube";
			productName = "29th-Assignment-Youtube";
			productReference = 4D146AEA270CB4910009341B /* 29th-Assignment-Youtube.app */;
			productType = "com.apple.product-type.application";
		};
/* End PBXNativeTarget section */

/* Begin PBXProject section */
		4D146AE2270CB4910009341B /* Project object */ = {
			isa = PBXProject;
			attributes = {
				BuildIndependentTargetsInParallel = 1;
				LastSwiftUpdateCheck = 1300;
				LastUpgradeCheck = 1300;
				TargetAttributes = {
					4D146AE9270CB4910009341B = {
						CreatedOnToolsVersion = 13.0;
					};
				};
			};
			buildConfigurationList = 4D146AE5270CB4910009341B /* Build configuration list for PBXProject "29th-Assignment-Youtube" */;
			compatibilityVersion = "Xcode 13.0";
			developmentRegion = en;
			hasScannedForEncodings = 0;
			knownRegions = (
				en,
				Base,
			);
			mainGroup = 4D146AE1270CB4910009341B;
			productRefGroup = 4D146AEB270CB4910009341B /* Products */;
			projectDirPath = "";
			projectRoot = "";
			targets = (
				4D146AE9270CB4910009341B /* 29th-Assignment-Youtube */,
			);
		};
/* End PBXProject section */

/* Begin PBXResourcesBuildPhase section */
		4D146AE8270CB4910009341B /* Resources */ = {
			isa = PBXResourcesBuildPhase;
			buildActionMask = 2147483647;
			files = (
				4D206C46272FF30E005AC655 /* CustomNavigationBar.xib in Resources */,
				4D4F238A271B354600891F28 /* SF-Pro-Display-Medium.otf in Resources */,
				4D146AFA270CB4930009341B /* LaunchScreen.storyboard in Resources */,
				4D4F2388271B20EC00891F28 /* SF-Pro-Display-Bold.otf in Resources */,
				4D4F238C271B356900891F28 /* SF-Pro-Display-Semibold.otf in Resources */,
				4D8DC91B271B527E005E664B /* TabBar.storyboard in Resources */,
				4D146AF7270CB4930009341B /* Assets.xcassets in Resources */,
				4DDBDD4A2726434000248B4A /* ChannelCollectionViewCell.xib in Resources */,
				4D4F2386271B1DDD00891F28 /* SF-Pro-Display-Regular.otf in Resources */,
				4D146AF5270CB4910009341B /* Main.storyboard in Resources */,
				4DDBDD5027265AAF00248B4A /* CategoryCollectionViewCell.xib in Resources */,
				4DDA6A042725D5F5005151AC /* VideoTableViewCell.xib in Resources */,
			);
			runOnlyForDeploymentPostprocessing = 0;
		};
/* End PBXResourcesBuildPhase section */

/* Begin PBXSourcesBuildPhase section */
		4D146AE6270CB4910009341B /* Sources */ = {
			isa = PBXSourcesBuildPhase;
			buildActionMask = 2147483647;
			files = (
				4DDBDD4F27265AAF00248B4A /* CategoryCollectionViewCell.swift in Sources */,
				4D8D0374270CBC4A00824081 /* SignInVC.swift in Sources */,
				4D8DC91F271B5843005E664B /* HomeVC.swift in Sources */,
				4DDBDD492726434000248B4A /* ChannelCollectionViewCell.swift in Sources */,
				4D619B62270CC0E1009916EC /* WelcomeVC.swift in Sources */,
				4D8DC923271B587D005E664B /* PlusVC.swift in Sources */,
				4D8DC927271B58CD005E664B /* LibraryVC.swift in Sources */,
				4DDA6A032725D5F5005151AC /* VideoTableViewCell.swift in Sources */,
				4D146AEE270CB4910009341B /* AppDelegate.swift in Sources */,
				4DDBDD4C2726454900248B4A /* ChnnelDataModel.swift in Sources */,
				4DDBDD462725DE9200248B4A /* VideoDataModel.swift in Sources */,
				4D8DC91D271B56E8005E664B /* TabBarController.swift in Sources */,
				4D206C44272FF2F6005AC655 /* CustomNavigationBar.swift in Sources */,
				4D619B60270CC0B4009916EC /* SignUpVC.swift in Sources */,
				4D8DC921271B5865005E664B /* ShortsVC.swift in Sources */,
				4D146AF0270CB4910009341B /* SceneDelegate.swift in Sources */,
				4D8DC925271B58A9005E664B /* SubscriptionVC.swift in Sources */,
			);
			runOnlyForDeploymentPostprocessing = 0;
		};
/* End PBXSourcesBuildPhase section */

/* Begin PBXVariantGroup section */
		4D146AF3270CB4910009341B /* Main.storyboard */ = {
			isa = PBXVariantGroup;
			children = (
				4D146AF4270CB4910009341B /* Base */,
			);
			name = Main.storyboard;
			sourceTree = "<group>";
		};
		4D146AF8270CB4930009341B /* LaunchScreen.storyboard */ = {
			isa = PBXVariantGroup;
			children = (
				4D146AF9270CB4930009341B /* Base */,
			);
			name = LaunchScreen.storyboard;
			sourceTree = "<group>";
		};
/* End PBXVariantGroup section */

/* Begin XCBuildConfiguration section */
		4D146AFC270CB4930009341B /* Debug */ = {
			isa = XCBuildConfiguration;
			buildSettings = {
				ALWAYS_SEARCH_USER_PATHS = NO;
				CLANG_ANALYZER_NONNULL = YES;
				CLANG_ANALYZER_NUMBER_OBJECT_CONVERSION = YES_AGGRESSIVE;
				CLANG_CXX_LANGUAGE_STANDARD = "gnu++17";
				CLANG_CXX_LIBRARY = "libc++";
				CLANG_ENABLE_MODULES = YES;
				CLANG_ENABLE_OBJC_ARC = YES;
				CLANG_ENABLE_OBJC_WEAK = YES;
				CLANG_WARN_BLOCK_CAPTURE_AUTORELEASING = YES;
				CLANG_WARN_BOOL_CONVERSION = YES;
				CLANG_WARN_COMMA = YES;
				CLANG_WARN_CONSTANT_CONVERSION = YES;
				CLANG_WARN_DEPRECATED_OBJC_IMPLEMENTATIONS = YES;
				CLANG_WARN_DIRECT_OBJC_ISA_USAGE = YES_ERROR;
				CLANG_WARN_DOCUMENTATION_COMMENTS = YES;
				CLANG_WARN_EMPTY_BODY = YES;
				CLANG_WARN_ENUM_CONVERSION = YES;
				CLANG_WARN_INFINITE_RECURSION = YES;
				CLANG_WARN_INT_CONVERSION = YES;
				CLANG_WARN_NON_LITERAL_NULL_CONVERSION = YES;
				CLANG_WARN_OBJC_IMPLICIT_RETAIN_SELF = YES;
				CLANG_WARN_OBJC_LITERAL_CONVERSION = YES;
				CLANG_WARN_OBJC_ROOT_CLASS = YES_ERROR;
				CLANG_WARN_QUOTED_INCLUDE_IN_FRAMEWORK_HEADER = YES;
				CLANG_WARN_RANGE_LOOP_ANALYSIS = YES;
				CLANG_WARN_STRICT_PROTOTYPES = YES;
				CLANG_WARN_SUSPICIOUS_MOVE = YES;
				CLANG_WARN_UNGUARDED_AVAILABILITY = YES_AGGRESSIVE;
				CLANG_WARN_UNREACHABLE_CODE = YES;
				CLANG_WARN__DUPLICATE_METHOD_MATCH = YES;
				COPY_PHASE_STRIP = NO;
				DEBUG_INFORMATION_FORMAT = dwarf;
				ENABLE_STRICT_OBJC_MSGSEND = YES;
				ENABLE_TESTABILITY = YES;
				GCC_C_LANGUAGE_STANDARD = gnu11;
				GCC_DYNAMIC_NO_PIC = NO;
				GCC_NO_COMMON_BLOCKS = YES;
				GCC_OPTIMIZATION_LEVEL = 0;
				GCC_PREPROCESSOR_DEFINITIONS = (
					"DEBUG=1",
					"$(inherited)",
				);
				GCC_WARN_64_TO_32_BIT_CONVERSION = YES;
				GCC_WARN_ABOUT_RETURN_TYPE = YES_ERROR;
				GCC_WARN_UNDECLARED_SELECTOR = YES;
				GCC_WARN_UNINITIALIZED_AUTOS = YES_AGGRESSIVE;
				GCC_WARN_UNUSED_FUNCTION = YES;
				GCC_WARN_UNUSED_VARIABLE = YES;
				IPHONEOS_DEPLOYMENT_TARGET = 15.0;
				MTL_ENABLE_DEBUG_INFO = INCLUDE_SOURCE;
				MTL_FAST_MATH = YES;
				ONLY_ACTIVE_ARCH = YES;
				SDKROOT = iphoneos;
				SWIFT_ACTIVE_COMPILATION_CONDITIONS = DEBUG;
				SWIFT_OPTIMIZATION_LEVEL = "-Onone";
			};
			name = Debug;
		};
		4D146AFD270CB4930009341B /* Release */ = {
			isa = XCBuildConfiguration;
			buildSettings = {
				ALWAYS_SEARCH_USER_PATHS = NO;
				CLANG_ANALYZER_NONNULL = YES;
				CLANG_ANALYZER_NUMBER_OBJECT_CONVERSION = YES_AGGRESSIVE;
				CLANG_CXX_LANGUAGE_STANDARD = "gnu++17";
				CLANG_CXX_LIBRARY = "libc++";
				CLANG_ENABLE_MODULES = YES;
				CLANG_ENABLE_OBJC_ARC = YES;
				CLANG_ENABLE_OBJC_WEAK = YES;
				CLANG_WARN_BLOCK_CAPTURE_AUTORELEASING = YES;
				CLANG_WARN_BOOL_CONVERSION = YES;
				CLANG_WARN_COMMA = YES;
				CLANG_WARN_CONSTANT_CONVERSION = YES;
				CLANG_WARN_DEPRECATED_OBJC_IMPLEMENTATIONS = YES;
				CLANG_WARN_DIRECT_OBJC_ISA_USAGE = YES_ERROR;
				CLANG_WARN_DOCUMENTATION_COMMENTS = YES;
				CLANG_WARN_EMPTY_BODY = YES;
				CLANG_WARN_ENUM_CONVERSION = YES;
				CLANG_WARN_INFINITE_RECURSION = YES;
				CLANG_WARN_INT_CONVERSION = YES;
				CLANG_WARN_NON_LITERAL_NULL_CONVERSION = YES;
				CLANG_WARN_OBJC_IMPLICIT_RETAIN_SELF = YES;
				CLANG_WARN_OBJC_LITERAL_CONVERSION = YES;
				CLANG_WARN_OBJC_ROOT_CLASS = YES_ERROR;
				CLANG_WARN_QUOTED_INCLUDE_IN_FRAMEWORK_HEADER = YES;
				CLANG_WARN_RANGE_LOOP_ANALYSIS = YES;
				CLANG_WARN_STRICT_PROTOTYPES = YES;
				CLANG_WARN_SUSPICIOUS_MOVE = YES;
				CLANG_WARN_UNGUARDED_AVAILABILITY = YES_AGGRESSIVE;
				CLANG_WARN_UNREACHABLE_CODE = YES;
				CLANG_WARN__DUPLICATE_METHOD_MATCH = YES;
				COPY_PHASE_STRIP = NO;
				DEBUG_INFORMATION_FORMAT = "dwarf-with-dsym";
				ENABLE_NS_ASSERTIONS = NO;
				ENABLE_STRICT_OBJC_MSGSEND = YES;
				GCC_C_LANGUAGE_STANDARD = gnu11;
				GCC_NO_COMMON_BLOCKS = YES;
				GCC_WARN_64_TO_32_BIT_CONVERSION = YES;
				GCC_WARN_ABOUT_RETURN_TYPE = YES_ERROR;
				GCC_WARN_UNDECLARED_SELECTOR = YES;
				GCC_WARN_UNINITIALIZED_AUTOS = YES_AGGRESSIVE;
				GCC_WARN_UNUSED_FUNCTION = YES;
				GCC_WARN_UNUSED_VARIABLE = YES;
				IPHONEOS_DEPLOYMENT_TARGET = 15.0;
				MTL_ENABLE_DEBUG_INFO = NO;
				MTL_FAST_MATH = YES;
				SDKROOT = iphoneos;
				SWIFT_COMPILATION_MODE = wholemodule;
				SWIFT_OPTIMIZATION_LEVEL = "-O";
				VALIDATE_PRODUCT = YES;
			};
			name = Release;
		};
		4D146AFF270CB4930009341B /* Debug */ = {
			isa = XCBuildConfiguration;
			buildSettings = {
				ASSETCATALOG_COMPILER_APPICON_NAME = AppIcon;
				ASSETCATALOG_COMPILER_GLOBAL_ACCENT_COLOR_NAME = AccentColor;
				CODE_SIGN_STYLE = Automatic;
				CURRENT_PROJECT_VERSION = 1;
				DEVELOPMENT_TEAM = L2NP7U5487;
				GENERATE_INFOPLIST_FILE = YES;
				INFOPLIST_FILE = "29th-Assignment-Youtube/Info.plist";
				INFOPLIST_KEY_UIApplicationSupportsIndirectInputEvents = YES;
				INFOPLIST_KEY_UILaunchStoryboardName = LaunchScreen;
				INFOPLIST_KEY_UIMainStoryboardFile = Main;
				INFOPLIST_KEY_UISupportedInterfaceOrientations_iPad = "UIInterfaceOrientationPortrait UIInterfaceOrientationPortraitUpsideDown UIInterfaceOrientationLandscapeLeft UIInterfaceOrientationLandscapeRight";
				INFOPLIST_KEY_UISupportedInterfaceOrientations_iPhone = "UIInterfaceOrientationPortrait UIInterfaceOrientationLandscapeLeft UIInterfaceOrientationLandscapeRight";
				LD_RUNPATH_SEARCH_PATHS = (
					"$(inherited)",
					"@executable_path/Frameworks",
				);
				MARKETING_VERSION = 1.0;
				PRODUCT_BUNDLE_IDENTIFIER = "com.sutori.-9th-Assignment-Youtube";
				PRODUCT_NAME = "$(TARGET_NAME)";
				SWIFT_EMIT_LOC_STRINGS = YES;
				SWIFT_VERSION = 5.0;
				TARGETED_DEVICE_FAMILY = "1,2";
			};
			name = Debug;
		};
		4D146B00270CB4930009341B /* Release */ = {
			isa = XCBuildConfiguration;
			buildSettings = {
				ASSETCATALOG_COMPILER_APPICON_NAME = AppIcon;
				ASSETCATALOG_COMPILER_GLOBAL_ACCENT_COLOR_NAME = AccentColor;
				CODE_SIGN_STYLE = Automatic;
				CURRENT_PROJECT_VERSION = 1;
				DEVELOPMENT_TEAM = L2NP7U5487;
				GENERATE_INFOPLIST_FILE = YES;
				INFOPLIST_FILE = "29th-Assignment-Youtube/Info.plist";
				INFOPLIST_KEY_UIApplicationSupportsIndirectInputEvents = YES;
				INFOPLIST_KEY_UILaunchStoryboardName = LaunchScreen;
				INFOPLIST_KEY_UIMainStoryboardFile = Main;
				INFOPLIST_KEY_UISupportedInterfaceOrientations_iPad = "UIInterfaceOrientationPortrait UIInterfaceOrientationPortraitUpsideDown UIInterfaceOrientationLandscapeLeft UIInterfaceOrientationLandscapeRight";
				INFOPLIST_KEY_UISupportedInterfaceOrientations_iPhone = "UIInterfaceOrientationPortrait UIInterfaceOrientationLandscapeLeft UIInterfaceOrientationLandscapeRight";
				LD_RUNPATH_SEARCH_PATHS = (
					"$(inherited)",
					"@executable_path/Frameworks",
				);
				MARKETING_VERSION = 1.0;
				PRODUCT_BUNDLE_IDENTIFIER = "com.sutori.-9th-Assignment-Youtube";
				PRODUCT_NAME = "$(TARGET_NAME)";
				SWIFT_EMIT_LOC_STRINGS = YES;
				SWIFT_VERSION = 5.0;
				TARGETED_DEVICE_FAMILY = "1,2";
			};
			name = Release;
		};
/* End XCBuildConfiguration section */

/* Begin XCConfigurationList section */
		4D146AE5270CB4910009341B /* Build configuration list for PBXProject "29th-Assignment-Youtube" */ = {
			isa = XCConfigurationList;
			buildConfigurations = (
				4D146AFC270CB4930009341B /* Debug */,
				4D146AFD270CB4930009341B /* Release */,
			);
			defaultConfigurationIsVisible = 0;
			defaultConfigurationName = Release;
		};
		4D146AFE270CB4930009341B /* Build configuration list for PBXNativeTarget "29th-Assignment-Youtube" */ = {
			isa = XCConfigurationList;
			buildConfigurations = (
				4D146AFF270CB4930009341B /* Debug */,
				4D146B00270CB4930009341B /* Release */,
			);
			defaultConfigurationIsVisible = 0;
			defaultConfigurationName = Release;
		};
/* End XCConfigurationList section */
	};
	rootObject = 4D146AE2270CB4910009341B /* Project object */;
}
